
Microsoft Visual Studio Solution File, Format Version 12.00
# Visual Studio Version 17
VisualStudioVersion = 17.2.32630.192
MinimumVisualStudioVersion = 10.0.40219.1
Project("{FAE04EC0-301F-11D3-BF4B-00C04F79EFBC}") = "Atividade2Aula5", "Atividade2Aula5.csproj", "{F4ADD939-56B4-4B7C-AFC6-4B36E96A0E64}"
EndProject
Project("{2150E333-8FDC-42A3-9474-1A3956D46DE8}") = "Itens de Solução", "Itens de Solução", "{FE7CDCD5-A160-44BC-93D6-41A729C6A454}"
	ProjectSection(SolutionItems) = preProject
		Aereo.cs = Aereo.cs
		Aquatico.cs = Aquatico.cs
		Automovel.cs = Automovel.cs
		Barco.cs = Barco.cs
		Terrestre.cs = Terrestre.cs
		Transporte.cs = Transporte.cs
	EndProjectSection
EndProject
Global
	GlobalSection(SolutionConfigurationPlatforms) = preSolution
		Debug|Any CPU = Debug|Any CPU
		Release|Any CPU = Release|Any CPU
	EndGlobalSection
	GlobalSection(ProjectConfigurationPlatforms) = postSolution
		{F4ADD939-56B4-4B7C-AFC6-4B36E96A0E64}.Debug|Any CPU.ActiveCfg = Debug|Any CPU
		{F4ADD939-56B4-4B7C-AFC6-4B36E96A0E64}.Debug|Any CPU.Build.0 = Debug|Any CPU
		{F4ADD939-56B4-4B7C-AFC6-4B36E96A0E64}.Release|Any CPU.ActiveCfg = Release|Any CPU
		{F4ADD939-56B4-4B7C-AFC6-4B36E96A0E64}.Release|Any CPU.Build.0 = Release|Any CPU
	EndGlobalSection
	GlobalSection(SolutionProperties) = preSolution
		HideSolutionNode = FALSE
	EndGlobalSection
	GlobalSection(ExtensibilityGlobals) = postSolution
		SolutionGuid = {A0F3A111-742D-401D-A772-D896ED47A1DD}
	EndGlobalSection
EndGlobal
